
Microsoft Visual Studio Solution File, Format Version 12.00
# Visual Studio 15
VisualStudioVersion = 15.0.28010.2016
MinimumVisualStudioVersion = 10.0.40219.1
Project("{FAE04EC0-301F-11D3-BF4B-00C04F79EFBC}") = "CN.Common", "CN.Common\CN.Common.csproj", "{19D5C0D0-AD99-4075-B776-5EE1BBF1E2DC}"
EndProject
Global
	GlobalSection(SolutionConfigurationPlatforms) = preSolution
		Debug|Any CPU = Debug|Any CPU
		Release|Any CPU = Release|Any CPU
	EndGlobalSection
	GlobalSection(ProjectConfigurationPlatforms) = postSolution
		{19D5C0D0-AD99-4075-B776-5EE1BBF1E2DC}.Debug|Any CPU.ActiveCfg = Debug|Any CPU
		{19D5C0D0-AD99-4075-B776-5EE1BBF1E2DC}.Debug|Any CPU.Build.0 = Debug|Any CPU
		{19D5C0D0-AD99-4075-B776-5EE1BBF1E2DC}.Release|Any CPU.ActiveCfg = Release|Any CPU
		{19D5C0D0-AD99-4075-B776-5EE1BBF1E2DC}.Release|Any CPU.Build.0 = Release|Any CPU
	EndGlobalSection
	GlobalSection(SolutionProperties) = preSolution
		HideSolutionNode = FALSE
	EndGlobalSection
	GlobalSection(ExtensibilityGlobals) = postSolution
		SolutionGuid = {D786F1BC-4BCE-420C-824C-875925262DC1}
	EndGlobalSection
EndGlobal
